
Microsoft Visual Studio Solution File, Format Version 12.00
# Visual Studio Version 16
VisualStudioVersion = 16.0.30503.244
MinimumVisualStudioVersion = 10.0.40219.1
Project("{FAE04EC0-301F-11D3-BF4B-00C04F79EFBC}") = "FirstProject_N01454046", "FirstProject_N000000\FirstProject_N01454046.csproj", "{66DBCADD-13C4-4D32-933C-34318533F19E}"
EndProject
Global
	GlobalSection(SolutionConfigurationPlatforms) = preSolution
		Debug|Any CPU = Debug|Any CPU
		Release|Any CPU = Release|Any CPU
	EndGlobalSection
	GlobalSection(ProjectConfigurationPlatforms) = postSolution
		{66DBCADD-13C4-4D32-933C-34318533F19E}.Debug|Any CPU.ActiveCfg = Debug|Any CPU
		{66DBCADD-13C4-4D32-933C-34318533F19E}.Debug|Any CPU.Build.0 = Debug|Any CPU
		{66DBCADD-13C4-4D32-933C-34318533F19E}.Release|Any CPU.ActiveCfg = Release|Any CPU
		{66DBCADD-13C4-4D32-933C-34318533F19E}.Release|Any CPU.Build.0 = Release|Any CPU
	EndGlobalSection
	GlobalSection(SolutionProperties) = preSolution
		HideSolutionNode = FALSE
	EndGlobalSection
	GlobalSection(ExtensibilityGlobals) = postSolution
		SolutionGuid = {413E57D1-B802-41B6-84BE-62B980E23297}
	EndGlobalSection
EndGlobal
