
Microsoft Visual Studio Solution File, Format Version 12.00
# Visual Studio Version 16
VisualStudioVersion = 16.0.30621.155
MinimumVisualStudioVersion = 10.0.40219.1
Project("{FAE04EC0-301F-11D3-BF4B-00C04F79EFBC}") = "HTTP5101-Assignment5-n01454046", "HTTP5101-Assignment5-n01454046\HTTP5101-Assignment5-n01454046.csproj", "{8B4C7165-75BC-41C7-B29B-7D87467FFE32}"
EndProject
Global
	GlobalSection(SolutionConfigurationPlatforms) = preSolution
		Debug|Any CPU = Debug|Any CPU
		Release|Any CPU = Release|Any CPU
	EndGlobalSection
	GlobalSection(ProjectConfigurationPlatforms) = postSolution
		{8B4C7165-75BC-41C7-B29B-7D87467FFE32}.Debug|Any CPU.ActiveCfg = Debug|Any CPU
		{8B4C7165-75BC-41C7-B29B-7D87467FFE32}.Debug|Any CPU.Build.0 = Debug|Any CPU
		{8B4C7165-75BC-41C7-B29B-7D87467FFE32}.Release|Any CPU.ActiveCfg = Release|Any CPU
		{8B4C7165-75BC-41C7-B29B-7D87467FFE32}.Release|Any CPU.Build.0 = Release|Any CPU
	EndGlobalSection
	GlobalSection(SolutionProperties) = preSolution
		HideSolutionNode = FALSE
	EndGlobalSection
	GlobalSection(ExtensibilityGlobals) = postSolution
		SolutionGuid = {24528240-E28D-4B0D-8B93-E21DFE13BEF8}
	EndGlobalSection
EndGlobal
