
Microsoft Visual Studio Solution File, Format Version 12.00
# Visual Studio Version 16
VisualStudioVersion = 16.0.30621.155
MinimumVisualStudioVersion = 10.0.40219.1
Project("{FAE04EC0-301F-11D3-BF4B-00C04F79EFBC}") = "HTTP5101-Assignment3-n01454046", "HTTP5101-Assignment3-n01454046\HTTP5101-Assignment3-n01454046.csproj", "{97A68F86-1617-4F7C-A1CB-CFD666129AC3}"
EndProject
Global
	GlobalSection(SolutionConfigurationPlatforms) = preSolution
		Debug|Any CPU = Debug|Any CPU
		Release|Any CPU = Release|Any CPU
	EndGlobalSection
	GlobalSection(ProjectConfigurationPlatforms) = postSolution
		{97A68F86-1617-4F7C-A1CB-CFD666129AC3}.Debug|Any CPU.ActiveCfg = Debug|Any CPU
		{97A68F86-1617-4F7C-A1CB-CFD666129AC3}.Debug|Any CPU.Build.0 = Debug|Any CPU
		{97A68F86-1617-4F7C-A1CB-CFD666129AC3}.Release|Any CPU.ActiveCfg = Release|Any CPU
		{97A68F86-1617-4F7C-A1CB-CFD666129AC3}.Release|Any CPU.Build.0 = Release|Any CPU
	EndGlobalSection
	GlobalSection(SolutionProperties) = preSolution
		HideSolutionNode = FALSE
	EndGlobalSection
	GlobalSection(ExtensibilityGlobals) = postSolution
		SolutionGuid = {A099B6C7-3691-464F-8F62-61B941FF6D5D}
	EndGlobalSection
EndGlobal
